
Microsoft Visual Studio Solution File, Format Version 12.00
# Visual Studio Version 17
VisualStudioVersion = 17.3.32804.467
MinimumVisualStudioVersion = 10.0.40219.1
Project("{FAE04EC0-301F-11D3-BF4B-00C04F79EFBC}") = "QLNhansu", "QLNhansu.csproj", "{EE11ADC7-B087-4285-B542-17F77FF90268}"
EndProject
Project("{FAE04EC0-301F-11D3-BF4B-00C04F79EFBC}") = "DAL", "DAL\DAL.csproj", "{CDA919F5-55C5-4CCE-B441-6911C0871AAD}"
EndProject
Project("{FAE04EC0-301F-11D3-BF4B-00C04F79EFBC}") = "BLL", "BLL\BLL.csproj", "{AEF4BE35-E8F5-4D5F-BA86-EEEB1EE0CE5B}"
EndProject
Project("{FAE04EC0-301F-11D3-BF4B-00C04F79EFBC}") = "Entities", "Entities\Entities.csproj", "{FC059CB1-F908-4945-B27F-385106FE475B}"
EndProject
Global
	GlobalSection(SolutionConfigurationPlatforms) = preSolution
		Debug|Any CPU = Debug|Any CPU
		Release|Any CPU = Release|Any CPU
	EndGlobalSection
	GlobalSection(ProjectConfigurationPlatforms) = postSolution
		{EE11ADC7-B087-4285-B542-17F77FF90268}.Debug|Any CPU.ActiveCfg = Debug|Any CPU
		{EE11ADC7-B087-4285-B542-17F77FF90268}.Debug|Any CPU.Build.0 = Debug|Any CPU
		{EE11ADC7-B087-4285-B542-17F77FF90268}.Release|Any CPU.ActiveCfg = Release|Any CPU
		{EE11ADC7-B087-4285-B542-17F77FF90268}.Release|Any CPU.Build.0 = Release|Any CPU
		{CDA919F5-55C5-4CCE-B441-6911C0871AAD}.Debug|Any CPU.ActiveCfg = Debug|Any CPU
		{CDA919F5-55C5-4CCE-B441-6911C0871AAD}.Debug|Any CPU.Build.0 = Debug|Any CPU
		{CDA919F5-55C5-4CCE-B441-6911C0871AAD}.Release|Any CPU.ActiveCfg = Release|Any CPU
		{CDA919F5-55C5-4CCE-B441-6911C0871AAD}.Release|Any CPU.Build.0 = Release|Any CPU
		{AEF4BE35-E8F5-4D5F-BA86-EEEB1EE0CE5B}.Debug|Any CPU.ActiveCfg = Debug|Any CPU
		{AEF4BE35-E8F5-4D5F-BA86-EEEB1EE0CE5B}.Debug|Any CPU.Build.0 = Debug|Any CPU
		{AEF4BE35-E8F5-4D5F-BA86-EEEB1EE0CE5B}.Release|Any CPU.ActiveCfg = Release|Any CPU
		{AEF4BE35-E8F5-4D5F-BA86-EEEB1EE0CE5B}.Release|Any CPU.Build.0 = Release|Any CPU
		{FC059CB1-F908-4945-B27F-385106FE475B}.Debug|Any CPU.ActiveCfg = Debug|Any CPU
		{FC059CB1-F908-4945-B27F-385106FE475B}.Debug|Any CPU.Build.0 = Debug|Any CPU
		{FC059CB1-F908-4945-B27F-385106FE475B}.Release|Any CPU.ActiveCfg = Release|Any CPU
		{FC059CB1-F908-4945-B27F-385106FE475B}.Release|Any CPU.Build.0 = Release|Any CPU
	EndGlobalSection
	GlobalSection(SolutionProperties) = preSolution
		HideSolutionNode = FALSE
	EndGlobalSection
	GlobalSection(ExtensibilityGlobals) = postSolution
		SolutionGuid = {70CFE748-6A9B-45C3-B591-9369AE0ED504}
	EndGlobalSection
EndGlobal
